
Microsoft Visual Studio Solution File, Format Version 12.00
# Visual Studio Version 17
VisualStudioVersion = 17.3.32929.385
MinimumVisualStudioVersion = 10.0.40219.1
Project("{FAE04EC0-301F-11D3-BF4B-00C04F79EFBC}") = "Exercicio5-InvertendoString", "Exercicio5-InvertendoString.csproj", "{12027762-CD78-40C1-9730-40B23FE57498}"
EndProject
Global
	GlobalSection(SolutionConfigurationPlatforms) = preSolution
		Debug|Any CPU = Debug|Any CPU
		Release|Any CPU = Release|Any CPU
	EndGlobalSection
	GlobalSection(ProjectConfigurationPlatforms) = postSolution
		{12027762-CD78-40C1-9730-40B23FE57498}.Debug|Any CPU.ActiveCfg = Debug|Any CPU
		{12027762-CD78-40C1-9730-40B23FE57498}.Debug|Any CPU.Build.0 = Debug|Any CPU
		{12027762-CD78-40C1-9730-40B23FE57498}.Release|Any CPU.ActiveCfg = Release|Any CPU
		{12027762-CD78-40C1-9730-40B23FE57498}.Release|Any CPU.Build.0 = Release|Any CPU
	EndGlobalSection
	GlobalSection(SolutionProperties) = preSolution
		HideSolutionNode = FALSE
	EndGlobalSection
	GlobalSection(ExtensibilityGlobals) = postSolution
		SolutionGuid = {1E52D96B-B334-4E55-8061-877F02780591}
	EndGlobalSection
EndGlobal
